
Microsoft Visual Studio Solution File, Format Version 12.00
# Visual Studio 15
VisualStudioVersion = 15.0.27703.2035
MinimumVisualStudioVersion = 10.0.40219.1
Project("{9A19103F-16F7-4668-BE54-9A1E7A4F7556}") = "StoreOfBuild.Web", "StoreOfBuild.Web\StoreOfBuild.Web.csproj", "{6A4351E7-6633-43CB-82DF-9F4234F31AD8}"
EndProject
Project("{E53339B2-1760-4266-BCC7-CA923CBCF16C}") = "docker-compose", "docker-compose.dcproj", "{F6FE2468-B553-4C3D-BBF6-14C30A21C529}"
EndProject
Project("{9A19103F-16F7-4668-BE54-9A1E7A4F7556}") = "StoreOfBuild.Data", "StoreOfBuild.Data\StoreOfBuild.Data.csproj", "{C85E273D-6419-4E1A-94B1-09DB64E53684}"
EndProject
Project("{9A19103F-16F7-4668-BE54-9A1E7A4F7556}") = "StoreOfBuild.DI", "StoreOfBuild.DI\StoreOfBuild.DI.csproj", "{863171B5-56BA-4634-AE4A-C97DBF19C51B}"
EndProject
Project("{9A19103F-16F7-4668-BE54-9A1E7A4F7556}") = "StoreOfBuild.Domain", "StoreOfBuild.Domain\StoreOfBuild.Domain.csproj", "{24E5825C-F6B1-48EF-B567-603F13C203E6}"
EndProject
Global
	GlobalSection(SolutionConfigurationPlatforms) = preSolution
		Debug|Any CPU = Debug|Any CPU
		Release|Any CPU = Release|Any CPU
	EndGlobalSection
	GlobalSection(ProjectConfigurationPlatforms) = postSolution
		{6A4351E7-6633-43CB-82DF-9F4234F31AD8}.Debug|Any CPU.ActiveCfg = Debug|Any CPU
		{6A4351E7-6633-43CB-82DF-9F4234F31AD8}.Debug|Any CPU.Build.0 = Debug|Any CPU
		{6A4351E7-6633-43CB-82DF-9F4234F31AD8}.Release|Any CPU.ActiveCfg = Release|Any CPU
		{6A4351E7-6633-43CB-82DF-9F4234F31AD8}.Release|Any CPU.Build.0 = Release|Any CPU
		{F6FE2468-B553-4C3D-BBF6-14C30A21C529}.Debug|Any CPU.ActiveCfg = Debug|Any CPU
		{F6FE2468-B553-4C3D-BBF6-14C30A21C529}.Debug|Any CPU.Build.0 = Debug|Any CPU
		{F6FE2468-B553-4C3D-BBF6-14C30A21C529}.Release|Any CPU.ActiveCfg = Release|Any CPU
		{F6FE2468-B553-4C3D-BBF6-14C30A21C529}.Release|Any CPU.Build.0 = Release|Any CPU
		{C85E273D-6419-4E1A-94B1-09DB64E53684}.Debug|Any CPU.ActiveCfg = Debug|Any CPU
		{C85E273D-6419-4E1A-94B1-09DB64E53684}.Debug|Any CPU.Build.0 = Debug|Any CPU
		{C85E273D-6419-4E1A-94B1-09DB64E53684}.Release|Any CPU.ActiveCfg = Release|Any CPU
		{C85E273D-6419-4E1A-94B1-09DB64E53684}.Release|Any CPU.Build.0 = Release|Any CPU
		{863171B5-56BA-4634-AE4A-C97DBF19C51B}.Debug|Any CPU.ActiveCfg = Debug|Any CPU
		{863171B5-56BA-4634-AE4A-C97DBF19C51B}.Debug|Any CPU.Build.0 = Debug|Any CPU
		{863171B5-56BA-4634-AE4A-C97DBF19C51B}.Release|Any CPU.ActiveCfg = Release|Any CPU
		{863171B5-56BA-4634-AE4A-C97DBF19C51B}.Release|Any CPU.Build.0 = Release|Any CPU
		{24E5825C-F6B1-48EF-B567-603F13C203E6}.Debug|Any CPU.ActiveCfg = Debug|Any CPU
		{24E5825C-F6B1-48EF-B567-603F13C203E6}.Debug|Any CPU.Build.0 = Debug|Any CPU
		{24E5825C-F6B1-48EF-B567-603F13C203E6}.Release|Any CPU.ActiveCfg = Release|Any CPU
		{24E5825C-F6B1-48EF-B567-603F13C203E6}.Release|Any CPU.Build.0 = Release|Any CPU
	EndGlobalSection
	GlobalSection(SolutionProperties) = preSolution
		HideSolutionNode = FALSE
	EndGlobalSection
	GlobalSection(ExtensibilityGlobals) = postSolution
		SolutionGuid = {3D4292B3-ED29-4C14-B528-2B24629A61EB}
	EndGlobalSection
EndGlobal
